{
  "version": 4,
  "terraform_version": "1.12.2",
  "serial": 4,
  "lineage": "331adb08-ec4a-ae21-6b59-abcb86a3ae0b",
  "outputs": {
    "blendrush_frontend_public_ip": {
      "value": "13.221.80.98",
      "type": "string"
    },
    "frontend_public_ip": {
      "value": "13.221.80.98",
      "type": "string"
    }
  },
  "resources": [
    {
      "mode": "managed",
      "type": "aws_instance",
      "name": "frontend_instance",
      "provider": "provider[\"registry.terraform.io/hashicorp/aws\"]",
      "instances": [
        {
          "schema_version": 2,
          "attributes": {
            "ami": "ami-053b0d53c279acc90",
            "arn": "arn:aws:ec2:us-east-1:830437195502:instance/i-0211c9003f4afffc9",
            "associate_public_ip_address": true,
            "availability_zone": "us-east-1a",
            "capacity_reservation_specification": [
              {
                "capacity_reservation_preference": "open",
                "capacity_reservation_target": []
              }
            ],
            "cpu_options": [
              {
                "amd_sev_snp": "",
                "core_count": 1,
                "threads_per_core": 1
              }
            ],
            "credit_specification": [
              {
                "cpu_credits": "standard"
              }
            ],
            "disable_api_stop": false,
            "disable_api_termination": false,
            "ebs_block_device": [],
            "ebs_optimized": false,
            "enable_primary_ipv6": null,
            "enclave_options": [
              {
                "enabled": false
              }
            ],
            "ephemeral_block_device": [],
            "force_destroy": false,
            "get_password_data": false,
            "hibernation": false,
            "host_id": "",
            "host_resource_group_arn": null,
            "iam_instance_profile": "",
            "id": "i-0211c9003f4afffc9",
            "instance_initiated_shutdown_behavior": "stop",
            "instance_lifecycle": "",
            "instance_market_options": [],
            "instance_state": "running",
            "instance_type": "t2.micro",
            "ipv6_address_count": 0,
            "ipv6_addresses": [],
            "key_name": "blendrush_frontend_key",
            "launch_template": [],
            "maintenance_options": [
              {
                "auto_recovery": "default"
              }
            ],
            "metadata_options": [
              {
                "http_endpoint": "enabled",
                "http_protocol_ipv6": "disabled",
                "http_put_response_hop_limit": 1,
                "http_tokens": "optional",
                "instance_metadata_tags": "disabled"
              }
            ],
            "monitoring": false,
            "network_interface": [],
            "outpost_arn": "",
            "password_data": "",
            "placement_group": "",
            "placement_partition_number": 0,
            "primary_network_interface": [
              {
                "delete_on_termination": true,
                "network_interface_id": "eni-072391fa5c4ca8216"
              }
            ],
            "primary_network_interface_id": "eni-072391fa5c4ca8216",
            "private_dns": "ip-172-31-82-11.ec2.internal",
            "private_dns_name_options": [
              {
                "enable_resource_name_dns_a_record": false,
                "enable_resource_name_dns_aaaa_record": false,
                "hostname_type": "ip-name"
              }
            ],
            "private_ip": "172.31.82.11",
            "public_dns": "ec2-13-221-80-98.compute-1.amazonaws.com",
            "public_ip": "13.221.80.98",
            "region": "us-east-1",
            "root_block_device": [
              {
                "delete_on_termination": true,
                "device_name": "/dev/sda1",
                "encrypted": false,
                "iops": 100,
                "kms_key_id": "",
                "tags": {},
                "tags_all": {},
                "throughput": 0,
                "volume_id": "vol-009ff2c1cea8a94ea",
                "volume_size": 8,
                "volume_type": "gp2"
              }
            ],
            "secondary_private_ips": [],
            "security_groups": [
              "frontend_sg"
            ],
            "source_dest_check": true,
            "spot_instance_request_id": "",
            "subnet_id": "subnet-0b2aa57d86c35c8f8",
            "tags": {
              "Name": "FrontendAppInstance"
            },
            "tags_all": {
              "Name": "FrontendAppInstance"
            },
            "tenancy": "default",
            "timeouts": null,
            "user_data": null,
            "user_data_base64": null,
            "user_data_replace_on_change": false,
            "volume_tags": null,
            "vpc_security_group_ids": [
              "sg-07b6c3dbcb2b6fa50"
            ]
          },
          "sensitive_attributes": [],
          "identity_schema_version": 0,
          "private": "eyJlMmJmYjczMC1lY2FhLTExZTYtOGY4OC0zNDM2M2JjN2M0YzAiOnsiY3JlYXRlIjo2MDAwMDAwMDAwMDAsImRlbGV0ZSI6MTIwMDAwMDAwMDAwMCwicmVhZCI6OTAwMDAwMDAwMDAwLCJ1cGRhdGUiOjYwMDAwMDAwMDAwMH0sInNjaGVtYV92ZXJzaW9uIjoiMiJ9",
          "dependencies": [
            "aws_key_pair.blendrush_frontend_key",
            "aws_security_group.frontend_sg"
          ]
        }
      ]
    },
    {
      "mode": "managed",
      "type": "aws_key_pair",
      "name": "blendrush_frontend_key",
      "provider": "provider[\"registry.terraform.io/hashicorp/aws\"]",
      "instances": [
        {
          "schema_version": 1,
          "attributes": {
            "arn": "arn:aws:ec2:us-east-1:830437195502:key-pair/blendrush_frontend_key",
            "fingerprint": "ae:ba:97:4f:68:10:49:09:d3:f2:eb:78:f9:ab:54:eb",
            "id": "blendrush_frontend_key",
            "key_name": "blendrush_frontend_key",
            "key_name_prefix": "",
            "key_pair_id": "key-07e40ab3d092dfab6",
            "key_type": "rsa",
            "public_key": "ssh-rsa AAAAB3NzaC1yc2EAAAADAQABAAACAQC06Prmsl0B8nExhlDU8MUehYLSQRbMhQxe3M7kPpBhbBkeJbqAjWYZHhCNWGhrVvPo4QidNLENQgyZz8vz+wXm65uFMFCeFtl33Xdh68OfywwJHOVJuQnzfGqz7jKSxmkIq9w1cZ2s3AKZMTGSKUVEKJ6kJ6ccWehDXGIiNkQ+ghFAEnik9K2djbLyx0qAeN8cz7QTLR+5OJEdBIoWjUkj92FNj1PqOqNSrhHP8+kq3CVuWJeodLWJyU97tqkpf5ySyM3vvhVXvIObiER75ZhFJadLA0tGWoEu7MhcYyC8ZWlAzV4MLL5AsH/LWuebnwswqZbMZe52WR+OdLXPuh2JqPU1HDeuMjcnTZ1uJ+TzQCaqolJoICQq8UEY3SSdlGy67cSBSvy8cgx/08JC+zqk0+EI0yg8uiM7a1yZ/SEJQYWQg7n9POZsP301HFsjUHL0ggsTvOa7UFVyvt9+l2+8g8PAdcLbit+8ROnXpHWqlnw/JY1WIg7j6fsY4aAPWDyn45n1P0R5EbmN76n8uLIhrT9uptzawlkSb/U3xlYnOFEWIDRUf5+gSJgrrprKJxvO6jCFSYfwyM+U3mwRLHC4rwduagZiWzECf8kLH2FwdBd/5cxkCLQkEpe0Y+AlEEpEKprkQbynaI+bFarCpjQE8mUrSAw5XaMSmMngj7pLKQ== supuni@DESKTOP-KMFPTKS",
            "region": "us-east-1",
            "tags": null,
            "tags_all": {}
          },
          "sensitive_attributes": [],
          "identity_schema_version": 0,
          "private": "eyJzY2hlbWFfdmVyc2lvbiI6IjEifQ=="
        }
      ]
    },
    {
      "mode": "managed",
      "type": "aws_security_group",
      "name": "frontend_sg",
      "provider": "provider[\"registry.terraform.io/hashicorp/aws\"]",
      "instances": [
        {
          "schema_version": 1,
          "attributes": {
            "arn": "arn:aws:ec2:us-east-1:830437195502:security-group/sg-07b6c3dbcb2b6fa50",
            "description": "Allow SSH and HTTP",
            "egress": [
              {
                "cidr_blocks": [
                  "0.0.0.0/0"
                ],
                "description": "",
                "from_port": 0,
                "ipv6_cidr_blocks": [],
                "prefix_list_ids": [],
                "protocol": "-1",
                "security_groups": [],
                "self": false,
                "to_port": 0
              }
            ],
            "id": "sg-07b6c3dbcb2b6fa50",
            "ingress": [
              {
                "cidr_blocks": [
                  "0.0.0.0/0"
                ],
                "description": "HTTP",
                "from_port": 80,
                "ipv6_cidr_blocks": [],
                "prefix_list_ids": [],
                "protocol": "tcp",
                "security_groups": [],
                "self": false,
                "to_port": 80
              },
              {
                "cidr_blocks": [
                  "0.0.0.0/0"
                ],
                "description": "SSH",
                "from_port": 22,
                "ipv6_cidr_blocks": [],
                "prefix_list_ids": [],
                "protocol": "tcp",
                "security_groups": [],
                "self": false,
                "to_port": 22
              }
            ],
            "name": "frontend_sg",
            "name_prefix": "",
            "owner_id": "830437195502",
            "region": "us-east-1",
            "revoke_rules_on_delete": false,
            "tags": null,
            "tags_all": {},
            "timeouts": null,
            "vpc_id": "vpc-0236220b592d22e09"
          },
          "sensitive_attributes": [],
          "identity_schema_version": 0,
          "identity": {
            "account_id": "830437195502",
            "id": "sg-07b6c3dbcb2b6fa50",
            "region": "us-east-1"
          },
          "private": "eyJlMmJmYjczMC1lY2FhLTExZTYtOGY4OC0zNDM2M2JjN2M0YzAiOnsiY3JlYXRlIjo2MDAwMDAwMDAwMDAsImRlbGV0ZSI6OTAwMDAwMDAwMDAwfSwic2NoZW1hX3ZlcnNpb24iOiIxIn0="
        }
      ]
    }
  ],
  "check_results": null
}
